
Microsoft Visual Studio Solution File, Format Version 12.00
# Visual Studio 15
VisualStudioVersion = 15.0.27130.2027
MinimumVisualStudioVersion = 15.0.26124.0
Project("{2150E333-8FDC-42A3-9474-1A3956D46DE8}") = "src", "src", "{6788B68F-3BB2-4DC1-B076-31452E2ACBBA}"
EndProject
Project("{9A19103F-16F7-4668-BE54-9A1E7A4F7556}") = "OpenSlideNET", "src\OpenSlideNET\OpenSlideNET.csproj", "{9C3F8F32-2B18-40FC-B7A5-E6E1E4A72A0E}"
EndProject
Project("{9A19103F-16F7-4668-BE54-9A1E7A4F7556}") = "OpenSlideNET.DeepZoom", "src\OpenSlideNET.DeepZoom\OpenSlideNET.DeepZoom.csproj", "{E58D1AC3-130A-45F0-A900-B17E10B1DD93}"
EndProject
Project("{2150E333-8FDC-42A3-9474-1A3956D46DE8}") = "example", "example", "{1D3535DE-2C93-4F60-BEDF-99DD4998B9F2}"
EndProject
Project("{9A19103F-16F7-4668-BE54-9A1E7A4F7556}") = "SingleSlideServer", "example\SingleSlideServer\SingleSlideServer.csproj", "{F356F48F-1240-4C3B-A823-4989891C7019}"
EndProject
Project("{9A19103F-16F7-4668-BE54-9A1E7A4F7556}") = "MultiSlideServer", "example\MultiSlideServer\MultiSlideServer.csproj", "{6F4481FF-E53B-4C03-BE3D-EBCA1A62FD3C}"
EndProject
Project("{2150E333-8FDC-42A3-9474-1A3956D46DE8}") = "tests", "tests", "{C9CE1EB3-04FA-47E4-B38A-3EAEFC2DACF5}"
EndProject
Project("{9A19103F-16F7-4668-BE54-9A1E7A4F7556}") = "OpenSlideNET.Tests", "tests\OpenSlideNET.Tests\OpenSlideNET.Tests.csproj", "{5CF7B352-419B-43B8-81F1-C8E018AC222D}"
EndProject
Global
	GlobalSection(SolutionConfigurationPlatforms) = preSolution
		Debug|Any CPU = Debug|Any CPU
		Debug|x64 = Debug|x64
		Debug|x86 = Debug|x86
		Release|Any CPU = Release|Any CPU
		Release|x64 = Release|x64
		Release|x86 = Release|x86
	EndGlobalSection
	GlobalSection(ProjectConfigurationPlatforms) = postSolution
		{9C3F8F32-2B18-40FC-B7A5-E6E1E4A72A0E}.Debug|Any CPU.ActiveCfg = Debug|Any CPU
		{9C3F8F32-2B18-40FC-B7A5-E6E1E4A72A0E}.Debug|Any CPU.Build.0 = Debug|Any CPU
		{9C3F8F32-2B18-40FC-B7A5-E6E1E4A72A0E}.Debug|x64.ActiveCfg = Debug|Any CPU
		{9C3F8F32-2B18-40FC-B7A5-E6E1E4A72A0E}.Debug|x64.Build.0 = Debug|Any CPU
		{9C3F8F32-2B18-40FC-B7A5-E6E1E4A72A0E}.Debug|x86.ActiveCfg = Debug|Any CPU
		{9C3F8F32-2B18-40FC-B7A5-E6E1E4A72A0E}.Debug|x86.Build.0 = Debug|Any CPU
		{9C3F8F32-2B18-40FC-B7A5-E6E1E4A72A0E}.Release|Any CPU.ActiveCfg = Release|Any CPU
		{9C3F8F32-2B18-40FC-B7A5-E6E1E4A72A0E}.Release|Any CPU.Build.0 = Release|Any CPU
		{9C3F8F32-2B18-40FC-B7A5-E6E1E4A72A0E}.Release|x64.ActiveCfg = Release|Any CPU
		{9C3F8F32-2B18-40FC-B7A5-E6E1E4A72A0E}.Release|x64.Build.0 = Release|Any CPU
		{9C3F8F32-2B18-40FC-B7A5-E6E1E4A72A0E}.Release|x86.ActiveCfg = Release|Any CPU
		{9C3F8F32-2B18-40FC-B7A5-E6E1E4A72A0E}.Release|x86.Build.0 = Release|Any CPU
		{E58D1AC3-130A-45F0-A900-B17E10B1DD93}.Debug|Any CPU.ActiveCfg = Debug|Any CPU
		{E58D1AC3-130A-45F0-A900-B17E10B1DD93}.Debug|Any CPU.Build.0 = Debug|Any CPU
		{E58D1AC3-130A-45F0-A900-B17E10B1DD93}.Debug|x64.ActiveCfg = Debug|Any CPU
		{E58D1AC3-130A-45F0-A900-B17E10B1DD93}.Debug|x64.Build.0 = Debug|Any CPU
		{E58D1AC3-130A-45F0-A900-B17E10B1DD93}.Debug|x86.ActiveCfg = Debug|Any CPU
		{E58D1AC3-130A-45F0-A900-B17E10B1DD93}.Debug|x86.Build.0 = Debug|Any CPU
		{E58D1AC3-130A-45F0-A900-B17E10B1DD93}.Release|Any CPU.ActiveCfg = Release|Any CPU
		{E58D1AC3-130A-45F0-A900-B17E10B1DD93}.Release|Any CPU.Build.0 = Release|Any CPU
		{E58D1AC3-130A-45F0-A900-B17E10B1DD93}.Release|x64.ActiveCfg = Release|Any CPU
		{E58D1AC3-130A-45F0-A900-B17E10B1DD93}.Release|x64.Build.0 = Release|Any CPU
		{E58D1AC3-130A-45F0-A900-B17E10B1DD93}.Release|x86.ActiveCfg = Release|Any CPU
		{E58D1AC3-130A-45F0-A900-B17E10B1DD93}.Release|x86.Build.0 = Release|Any CPU
		{F356F48F-1240-4C3B-A823-4989891C7019}.Debug|Any CPU.ActiveCfg = Debug|Any CPU
		{F356F48F-1240-4C3B-A823-4989891C7019}.Debug|Any CPU.Build.0 = Debug|Any CPU
		{F356F48F-1240-4C3B-A823-4989891C7019}.Debug|x64.ActiveCfg = Debug|Any CPU
		{F356F48F-1240-4C3B-A823-4989891C7019}.Debug|x64.Build.0 = Debug|Any CPU
		{F356F48F-1240-4C3B-A823-4989891C7019}.Debug|x86.ActiveCfg = Debug|Any CPU
		{F356F48F-1240-4C3B-A823-4989891C7019}.Debug|x86.Build.0 = Debug|Any CPU
		{F356F48F-1240-4C3B-A823-4989891C7019}.Release|Any CPU.ActiveCfg = Release|Any CPU
		{F356F48F-1240-4C3B-A823-4989891C7019}.Release|Any CPU.Build.0 = Release|Any CPU
		{F356F48F-1240-4C3B-A823-4989891C7019}.Release|x64.ActiveCfg = Release|Any CPU
		{F356F48F-1240-4C3B-A823-4989891C7019}.Release|x64.Build.0 = Release|Any CPU
		{F356F48F-1240-4C3B-A823-4989891C7019}.Release|x86.ActiveCfg = Release|Any CPU
		{F356F48F-1240-4C3B-A823-4989891C7019}.Release|x86.Build.0 = Release|Any CPU
		{6F4481FF-E53B-4C03-BE3D-EBCA1A62FD3C}.Debug|Any CPU.ActiveCfg = Debug|Any CPU
		{6F4481FF-E53B-4C03-BE3D-EBCA1A62FD3C}.Debug|Any CPU.Build.0 = Debug|Any CPU
		{6F4481FF-E53B-4C03-BE3D-EBCA1A62FD3C}.Debug|x64.ActiveCfg = Debug|Any CPU
		{6F4481FF-E53B-4C03-BE3D-EBCA1A62FD3C}.Debug|x64.Build.0 = Debug|Any CPU
		{6F4481FF-E53B-4C03-BE3D-EBCA1A62FD3C}.Debug|x86.ActiveCfg = Debug|Any CPU
		{6F4481FF-E53B-4C03-BE3D-EBCA1A62FD3C}.Debug|x86.Build.0 = Debug|Any CPU
		{6F4481FF-E53B-4C03-BE3D-EBCA1A62FD3C}.Release|Any CPU.ActiveCfg = Release|Any CPU
		{6F4481FF-E53B-4C03-BE3D-EBCA1A62FD3C}.Release|Any CPU.Build.0 = Release|Any CPU
		{6F4481FF-E53B-4C03-BE3D-EBCA1A62FD3C}.Release|x64.ActiveCfg = Release|Any CPU
		{6F4481FF-E53B-4C03-BE3D-EBCA1A62FD3C}.Release|x64.Build.0 = Release|Any CPU
		{6F4481FF-E53B-4C03-BE3D-EBCA1A62FD3C}.Release|x86.ActiveCfg = Release|Any CPU
		{6F4481FF-E53B-4C03-BE3D-EBCA1A62FD3C}.Release|x86.Build.0 = Release|Any CPU
		{5CF7B352-419B-43B8-81F1-C8E018AC222D}.Debug|Any CPU.ActiveCfg = Debug|Any CPU
		{5CF7B352-419B-43B8-81F1-C8E018AC222D}.Debug|Any CPU.Build.0 = Debug|Any CPU
		{5CF7B352-419B-43B8-81F1-C8E018AC222D}.Debug|x64.ActiveCfg = Debug|Any CPU
		{5CF7B352-419B-43B8-81F1-C8E018AC222D}.Debug|x64.Build.0 = Debug|Any CPU
		{5CF7B352-419B-43B8-81F1-C8E018AC222D}.Debug|x86.ActiveCfg = Debug|Any CPU
		{5CF7B352-419B-43B8-81F1-C8E018AC222D}.Debug|x86.Build.0 = Debug|Any CPU
		{5CF7B352-419B-43B8-81F1-C8E018AC222D}.Release|Any CPU.ActiveCfg = Release|Any CPU
		{5CF7B352-419B-43B8-81F1-C8E018AC222D}.Release|Any CPU.Build.0 = Release|Any CPU
		{5CF7B352-419B-43B8-81F1-C8E018AC222D}.Release|x64.ActiveCfg = Release|Any CPU
		{5CF7B352-419B-43B8-81F1-C8E018AC222D}.Release|x64.Build.0 = Release|Any CPU
		{5CF7B352-419B-43B8-81F1-C8E018AC222D}.Release|x86.ActiveCfg = Release|Any CPU
		{5CF7B352-419B-43B8-81F1-C8E018AC222D}.Release|x86.Build.0 = Release|Any CPU
	EndGlobalSection
	GlobalSection(SolutionProperties) = preSolution
		HideSolutionNode = FALSE
	EndGlobalSection
	GlobalSection(NestedProjects) = preSolution
		{9C3F8F32-2B18-40FC-B7A5-E6E1E4A72A0E} = {6788B68F-3BB2-4DC1-B076-31452E2ACBBA}
		{E58D1AC3-130A-45F0-A900-B17E10B1DD93} = {6788B68F-3BB2-4DC1-B076-31452E2ACBBA}
		{F356F48F-1240-4C3B-A823-4989891C7019} = {1D3535DE-2C93-4F60-BEDF-99DD4998B9F2}
		{6F4481FF-E53B-4C03-BE3D-EBCA1A62FD3C} = {1D3535DE-2C93-4F60-BEDF-99DD4998B9F2}
		{5CF7B352-419B-43B8-81F1-C8E018AC222D} = {C9CE1EB3-04FA-47E4-B38A-3EAEFC2DACF5}
	EndGlobalSection
	GlobalSection(ExtensibilityGlobals) = postSolution
		SolutionGuid = {2F88C497-BAE9-44F0-A2B0-11ABB96C7991}
	EndGlobalSection
EndGlobal
