
Microsoft Visual Studio Solution File, Format Version 12.00
# Visual Studio Version 16
VisualStudioVersion = 16.0.30406.217
MinimumVisualStudioVersion = 15.0.26124.0
Project("{2150E333-8FDC-42A3-9474-1A3956D46DE8}") = "src", "src", "{6EE7C68C-65D9-4290-81AE-09BA58C857CD}"
EndProject
Project("{9A19103F-16F7-4668-BE54-9A1E7A4F7556}") = "OpenSlideNET", "src\OpenSlideNET\OpenSlideNET.csproj", "{A0BC87B2-9C0E-4BB7-870E-0E70F9F4CD9D}"
EndProject
Project("{9A19103F-16F7-4668-BE54-9A1E7A4F7556}") = "OpenSlideNET.ImageExtensions", "src\OpenSlideNET.ImageExtensions\OpenSlideNET.ImageExtensions.csproj", "{59E27702-3B36-47CB-860A-CA925A34E7FD}"
EndProject
Project("{2150E333-8FDC-42A3-9474-1A3956D46DE8}") = "tests", "tests", "{6410CEE9-2A73-401D-B82C-2F3094573AFA}"
EndProject
Project("{9A19103F-16F7-4668-BE54-9A1E7A4F7556}") = "OpenSlideNET.Tests", "tests\OpenSlideNET.Tests\OpenSlideNET.Tests.csproj", "{407B7FEE-7694-4726-99B3-46D033F40DFF}"
EndProject
Project("{2150E333-8FDC-42A3-9474-1A3956D46DE8}") = "example", "example", "{C3C9459E-1461-4480-B551-AAED7BDAD940}"
EndProject
Project("{9A19103F-16F7-4668-BE54-9A1E7A4F7556}") = "SingleSlideServer", "example\SingleSlideServer\SingleSlideServer.csproj", "{9953AD1C-8DFC-4D7E-819C-522225CF7E02}"
EndProject
Project("{9A19103F-16F7-4668-BE54-9A1E7A4F7556}") = "MultiSlideServer", "example\MultiSlideServer\MultiSlideServer.csproj", "{B797F1E5-336F-47E3-805E-F10C2553C7E3}"
EndProject
Project("{9A19103F-16F7-4668-BE54-9A1E7A4F7556}") = "SlideExporter", "example\SlideExporter\SlideExporter.csproj", "{59DA7528-C9DD-463A-8EBB-9E080A2CE49D}"
EndProject
Global
	GlobalSection(SolutionConfigurationPlatforms) = preSolution
		Debug|Any CPU = Debug|Any CPU
		Debug|x64 = Debug|x64
		Debug|x86 = Debug|x86
		Release|Any CPU = Release|Any CPU
		Release|x64 = Release|x64
		Release|x86 = Release|x86
	EndGlobalSection
	GlobalSection(ProjectConfigurationPlatforms) = postSolution
		{A0BC87B2-9C0E-4BB7-870E-0E70F9F4CD9D}.Debug|Any CPU.ActiveCfg = Debug|Any CPU
		{A0BC87B2-9C0E-4BB7-870E-0E70F9F4CD9D}.Debug|Any CPU.Build.0 = Debug|Any CPU
		{A0BC87B2-9C0E-4BB7-870E-0E70F9F4CD9D}.Debug|x64.ActiveCfg = Debug|Any CPU
		{A0BC87B2-9C0E-4BB7-870E-0E70F9F4CD9D}.Debug|x64.Build.0 = Debug|Any CPU
		{A0BC87B2-9C0E-4BB7-870E-0E70F9F4CD9D}.Debug|x86.ActiveCfg = Debug|Any CPU
		{A0BC87B2-9C0E-4BB7-870E-0E70F9F4CD9D}.Debug|x86.Build.0 = Debug|Any CPU
		{A0BC87B2-9C0E-4BB7-870E-0E70F9F4CD9D}.Release|Any CPU.ActiveCfg = Release|Any CPU
		{A0BC87B2-9C0E-4BB7-870E-0E70F9F4CD9D}.Release|Any CPU.Build.0 = Release|Any CPU
		{A0BC87B2-9C0E-4BB7-870E-0E70F9F4CD9D}.Release|x64.ActiveCfg = Release|Any CPU
		{A0BC87B2-9C0E-4BB7-870E-0E70F9F4CD9D}.Release|x64.Build.0 = Release|Any CPU
		{A0BC87B2-9C0E-4BB7-870E-0E70F9F4CD9D}.Release|x86.ActiveCfg = Release|Any CPU
		{A0BC87B2-9C0E-4BB7-870E-0E70F9F4CD9D}.Release|x86.Build.0 = Release|Any CPU
		{59E27702-3B36-47CB-860A-CA925A34E7FD}.Debug|Any CPU.ActiveCfg = Debug|Any CPU
		{59E27702-3B36-47CB-860A-CA925A34E7FD}.Debug|Any CPU.Build.0 = Debug|Any CPU
		{59E27702-3B36-47CB-860A-CA925A34E7FD}.Debug|x64.ActiveCfg = Debug|Any CPU
		{59E27702-3B36-47CB-860A-CA925A34E7FD}.Debug|x64.Build.0 = Debug|Any CPU
		{59E27702-3B36-47CB-860A-CA925A34E7FD}.Debug|x86.ActiveCfg = Debug|Any CPU
		{59E27702-3B36-47CB-860A-CA925A34E7FD}.Debug|x86.Build.0 = Debug|Any CPU
		{59E27702-3B36-47CB-860A-CA925A34E7FD}.Release|Any CPU.ActiveCfg = Release|Any CPU
		{59E27702-3B36-47CB-860A-CA925A34E7FD}.Release|Any CPU.Build.0 = Release|Any CPU
		{59E27702-3B36-47CB-860A-CA925A34E7FD}.Release|x64.ActiveCfg = Release|Any CPU
		{59E27702-3B36-47CB-860A-CA925A34E7FD}.Release|x64.Build.0 = Release|Any CPU
		{59E27702-3B36-47CB-860A-CA925A34E7FD}.Release|x86.ActiveCfg = Release|Any CPU
		{59E27702-3B36-47CB-860A-CA925A34E7FD}.Release|x86.Build.0 = Release|Any CPU
		{407B7FEE-7694-4726-99B3-46D033F40DFF}.Debug|Any CPU.ActiveCfg = Debug|Any CPU
		{407B7FEE-7694-4726-99B3-46D033F40DFF}.Debug|Any CPU.Build.0 = Debug|Any CPU
		{407B7FEE-7694-4726-99B3-46D033F40DFF}.Debug|x64.ActiveCfg = Debug|Any CPU
		{407B7FEE-7694-4726-99B3-46D033F40DFF}.Debug|x64.Build.0 = Debug|Any CPU
		{407B7FEE-7694-4726-99B3-46D033F40DFF}.Debug|x86.ActiveCfg = Debug|Any CPU
		{407B7FEE-7694-4726-99B3-46D033F40DFF}.Debug|x86.Build.0 = Debug|Any CPU
		{407B7FEE-7694-4726-99B3-46D033F40DFF}.Release|Any CPU.ActiveCfg = Release|Any CPU
		{407B7FEE-7694-4726-99B3-46D033F40DFF}.Release|Any CPU.Build.0 = Release|Any CPU
		{407B7FEE-7694-4726-99B3-46D033F40DFF}.Release|x64.ActiveCfg = Release|Any CPU
		{407B7FEE-7694-4726-99B3-46D033F40DFF}.Release|x64.Build.0 = Release|Any CPU
		{407B7FEE-7694-4726-99B3-46D033F40DFF}.Release|x86.ActiveCfg = Release|Any CPU
		{407B7FEE-7694-4726-99B3-46D033F40DFF}.Release|x86.Build.0 = Release|Any CPU
		{9953AD1C-8DFC-4D7E-819C-522225CF7E02}.Debug|Any CPU.ActiveCfg = Debug|Any CPU
		{9953AD1C-8DFC-4D7E-819C-522225CF7E02}.Debug|Any CPU.Build.0 = Debug|Any CPU
		{9953AD1C-8DFC-4D7E-819C-522225CF7E02}.Debug|x64.ActiveCfg = Debug|Any CPU
		{9953AD1C-8DFC-4D7E-819C-522225CF7E02}.Debug|x64.Build.0 = Debug|Any CPU
		{9953AD1C-8DFC-4D7E-819C-522225CF7E02}.Debug|x86.ActiveCfg = Debug|Any CPU
		{9953AD1C-8DFC-4D7E-819C-522225CF7E02}.Debug|x86.Build.0 = Debug|Any CPU
		{9953AD1C-8DFC-4D7E-819C-522225CF7E02}.Release|Any CPU.ActiveCfg = Release|Any CPU
		{9953AD1C-8DFC-4D7E-819C-522225CF7E02}.Release|Any CPU.Build.0 = Release|Any CPU
		{9953AD1C-8DFC-4D7E-819C-522225CF7E02}.Release|x64.ActiveCfg = Release|Any CPU
		{9953AD1C-8DFC-4D7E-819C-522225CF7E02}.Release|x64.Build.0 = Release|Any CPU
		{9953AD1C-8DFC-4D7E-819C-522225CF7E02}.Release|x86.ActiveCfg = Release|Any CPU
		{9953AD1C-8DFC-4D7E-819C-522225CF7E02}.Release|x86.Build.0 = Release|Any CPU
		{B797F1E5-336F-47E3-805E-F10C2553C7E3}.Debug|Any CPU.ActiveCfg = Debug|Any CPU
		{B797F1E5-336F-47E3-805E-F10C2553C7E3}.Debug|Any CPU.Build.0 = Debug|Any CPU
		{B797F1E5-336F-47E3-805E-F10C2553C7E3}.Debug|x64.ActiveCfg = Debug|Any CPU
		{B797F1E5-336F-47E3-805E-F10C2553C7E3}.Debug|x64.Build.0 = Debug|Any CPU
		{B797F1E5-336F-47E3-805E-F10C2553C7E3}.Debug|x86.ActiveCfg = Debug|Any CPU
		{B797F1E5-336F-47E3-805E-F10C2553C7E3}.Debug|x86.Build.0 = Debug|Any CPU
		{B797F1E5-336F-47E3-805E-F10C2553C7E3}.Release|Any CPU.ActiveCfg = Release|Any CPU
		{B797F1E5-336F-47E3-805E-F10C2553C7E3}.Release|Any CPU.Build.0 = Release|Any CPU
		{B797F1E5-336F-47E3-805E-F10C2553C7E3}.Release|x64.ActiveCfg = Release|Any CPU
		{B797F1E5-336F-47E3-805E-F10C2553C7E3}.Release|x64.Build.0 = Release|Any CPU
		{B797F1E5-336F-47E3-805E-F10C2553C7E3}.Release|x86.ActiveCfg = Release|Any CPU
		{B797F1E5-336F-47E3-805E-F10C2553C7E3}.Release|x86.Build.0 = Release|Any CPU
		{59DA7528-C9DD-463A-8EBB-9E080A2CE49D}.Debug|Any CPU.ActiveCfg = Debug|Any CPU
		{59DA7528-C9DD-463A-8EBB-9E080A2CE49D}.Debug|Any CPU.Build.0 = Debug|Any CPU
		{59DA7528-C9DD-463A-8EBB-9E080A2CE49D}.Debug|x64.ActiveCfg = Debug|Any CPU
		{59DA7528-C9DD-463A-8EBB-9E080A2CE49D}.Debug|x64.Build.0 = Debug|Any CPU
		{59DA7528-C9DD-463A-8EBB-9E080A2CE49D}.Debug|x86.ActiveCfg = Debug|Any CPU
		{59DA7528-C9DD-463A-8EBB-9E080A2CE49D}.Debug|x86.Build.0 = Debug|Any CPU
		{59DA7528-C9DD-463A-8EBB-9E080A2CE49D}.Release|Any CPU.ActiveCfg = Release|Any CPU
		{59DA7528-C9DD-463A-8EBB-9E080A2CE49D}.Release|Any CPU.Build.0 = Release|Any CPU
		{59DA7528-C9DD-463A-8EBB-9E080A2CE49D}.Release|x64.ActiveCfg = Release|Any CPU
		{59DA7528-C9DD-463A-8EBB-9E080A2CE49D}.Release|x64.Build.0 = Release|Any CPU
		{59DA7528-C9DD-463A-8EBB-9E080A2CE49D}.Release|x86.ActiveCfg = Release|Any CPU
		{59DA7528-C9DD-463A-8EBB-9E080A2CE49D}.Release|x86.Build.0 = Release|Any CPU
	EndGlobalSection
	GlobalSection(SolutionProperties) = preSolution
		HideSolutionNode = FALSE
	EndGlobalSection
	GlobalSection(NestedProjects) = preSolution
		{A0BC87B2-9C0E-4BB7-870E-0E70F9F4CD9D} = {6EE7C68C-65D9-4290-81AE-09BA58C857CD}
		{59E27702-3B36-47CB-860A-CA925A34E7FD} = {6EE7C68C-65D9-4290-81AE-09BA58C857CD}
		{407B7FEE-7694-4726-99B3-46D033F40DFF} = {6410CEE9-2A73-401D-B82C-2F3094573AFA}
		{9953AD1C-8DFC-4D7E-819C-522225CF7E02} = {C3C9459E-1461-4480-B551-AAED7BDAD940}
		{B797F1E5-336F-47E3-805E-F10C2553C7E3} = {C3C9459E-1461-4480-B551-AAED7BDAD940}
		{59DA7528-C9DD-463A-8EBB-9E080A2CE49D} = {C3C9459E-1461-4480-B551-AAED7BDAD940}
	EndGlobalSection
	GlobalSection(ExtensibilityGlobals) = postSolution
		SolutionGuid = {6D55D41F-7887-4787-BD15-17389C769282}
	EndGlobalSection
EndGlobal
